
Microsoft Visual Studio Solution File, Format Version 11.00
# Visual Studio 2010
Project("{FAE04EC0-301F-11D3-BF4B-00C04F79EFBC}") = "UnityEngine.UI", "UnityEngine.UI.csproj", "{8006857f-49c8-d087-bef9-74539d85eacb}"
EndProject
Project("{FAE04EC0-301F-11D3-BF4B-00C04F79EFBC}") = "Assembly-CSharp", "Assembly-CSharp.csproj", "{d26696a9-a56b-37b7-2248-29620d07e8f0}"
EndProject
Project("{FAE04EC0-301F-11D3-BF4B-00C04F79EFBC}") = "Assembly-CSharp-firstpass", "Assembly-CSharp-firstpass.csproj", "{79094d59-3ac9-84e0-b5b5-b0c41048e080}"
EndProject
Project("{FAE04EC0-301F-11D3-BF4B-00C04F79EFBC}") = "UnityEditor.UI", "UnityEditor.UI.csproj", "{289e7c75-7d09-a365-d9d0-5cc8067947b6}"
EndProject
Project("{FAE04EC0-301F-11D3-BF4B-00C04F79EFBC}") = "Assembly-CSharp-Editor", "Assembly-CSharp-Editor.csproj", "{4eb3c0f2-a475-0c24-990b-4291deabbade}"
EndProject
Global
	GlobalSection(SolutionConfigurationPlatforms) = preSolution
		Debug|Any CPU = Debug|Any CPU
	EndGlobalSection
	GlobalSection(ProjectConfigurationPlatforms) = postSolution
		{8006857f-49c8-d087-bef9-74539d85eacb}.Debug|Any CPU.ActiveCfg = Debug|Any CPU
		{8006857f-49c8-d087-bef9-74539d85eacb}.Debug|Any CPU.Build.0 = Debug|Any CPU
		{d26696a9-a56b-37b7-2248-29620d07e8f0}.Debug|Any CPU.ActiveCfg = Debug|Any CPU
		{d26696a9-a56b-37b7-2248-29620d07e8f0}.Debug|Any CPU.Build.0 = Debug|Any CPU
		{79094d59-3ac9-84e0-b5b5-b0c41048e080}.Debug|Any CPU.ActiveCfg = Debug|Any CPU
		{79094d59-3ac9-84e0-b5b5-b0c41048e080}.Debug|Any CPU.Build.0 = Debug|Any CPU
		{289e7c75-7d09-a365-d9d0-5cc8067947b6}.Debug|Any CPU.ActiveCfg = Debug|Any CPU
		{289e7c75-7d09-a365-d9d0-5cc8067947b6}.Debug|Any CPU.Build.0 = Debug|Any CPU
		{4eb3c0f2-a475-0c24-990b-4291deabbade}.Debug|Any CPU.ActiveCfg = Debug|Any CPU
		{4eb3c0f2-a475-0c24-990b-4291deabbade}.Debug|Any CPU.Build.0 = Debug|Any CPU
	EndGlobalSection
	GlobalSection(SolutionProperties) = preSolution
		HideSolutionNode = FALSE
	EndGlobalSection
EndGlobal
